// !$*UTF8*$!
{
	archiveVersion = 1;
	classes = {
	};
	objectVersion = 48;
	objects = {

/* Begin PBXBuildFile section */
		FA1536FC204E0D1600E7A343 /* TimelineInspector.m in Sources */ = {isa = PBXBuildFile; fileRef = FA1536EF204E0D1400E7A343 /* TimelineInspector.m */; };
		FA1536FD204E0D1600E7A343 /* Equations.m in Sources */ = {isa = PBXBuildFile; fileRef = FA1536F1204E0D1400E7A343 /* Equations.m */; };
		FA1536FE204E0D1600E7A343 /* Tween.m in Sources */ = {isa = PBXBuildFile; fileRef = FA1536F2204E0D1400E7A343 /* Tween.m */; };
		FA153700204E0D1600E7A343 /* Timeline.m in Sources */ = {isa = PBXBuildFile; fileRef = FA1536F6204E0D1500E7A343 /* Timeline.m */; };
		FA153701204E0D1600E7A343 /* TweenValues.m in Sources */ = {isa = PBXBuildFile; fileRef = FA1536F7204E0D1500E7A343 /* TweenValues.m */; };
		FA153702204E0D1600E7A343 /* TweenControl.m in Sources */ = {isa = PBXBuildFile; fileRef = FA1536F8204E0D1500E7A343 /* TweenControl.m */; };
		FA153703204E0D1600E7A343 /* KVCUtils.m in Sources */ = {isa = PBXBuildFile; fileRef = FA1536FA204E0D1600E7A343 /* KVCUtils.m */; };
		FA153704204E0D1600E7A343 /* CocoaTweener.m in Sources */ = {isa = PBXBuildFile; fileRef = FA1536FB204E0D1600E7A343 /* CocoaTweener.m */; };
		FA1537082057351900E7A343 /* TouchPoint.m in Sources */ = {isa = PBXBuildFile; fileRef = FA1537072057351900E7A343 /* TouchPoint.m */; };
		FA15370B2057402400E7A343 /* TimelineBasic.m in Sources */ = {isa = PBXBuildFile; fileRef = FA15370A2057402400E7A343 /* TimelineBasic.m */; };
		FA15370E205822F800E7A343 /* AnimateText.m in Sources */ = {isa = PBXBuildFile; fileRef = FA15370D205822F800E7A343 /* AnimateText.m */; };
		FA1537112058295300E7A343 /* PauseTweens.m in Sources */ = {isa = PBXBuildFile; fileRef = FA1537102058295300E7A343 /* PauseTweens.m */; };
		FA15371420588BEF00E7A343 /* WindBlow.m in Sources */ = {isa = PBXBuildFile; fileRef = FA15371320588BEF00E7A343 /* WindBlow.m */; };
		FA15371720597D9300E7A343 /* dart.pdf in Resources */ = {isa = PBXBuildFile; fileRef = FA15371620597D9300E7A343 /* dart.pdf */; };
		FA15371B2059831300E7A343 /* PDFImageRender.m in Sources */ = {isa = PBXBuildFile; fileRef = FA15371A2059831300E7A343 /* PDFImageRender.m */; };
		FA21BB7E20473ADD00A403FA /* AppDelegate.m in Sources */ = {isa = PBXBuildFile; fileRef = FA21BB7D20473ADD00A403FA /* AppDelegate.m */; };
		FA21BB8620473ADD00A403FA /* Assets.xcassets in Resources */ = {isa = PBXBuildFile; fileRef = FA21BB8520473ADD00A403FA /* Assets.xcassets */; };
		FA21BB8C20473ADD00A403FA /* main.m in Sources */ = {isa = PBXBuildFile; fileRef = FA21BB8B20473ADD00A403FA /* main.m */; };
		FA21BB9420473B9600A403FA /* ViewController.m in Sources */ = {isa = PBXBuildFile; fileRef = FA21BB9320473B9600A403FA /* ViewController.m */; };
		FA314E6C2087E528009B28D2 /* fire.pdf in Resources */ = {isa = PBXBuildFile; fileRef = FA314E612087E527009B28D2 /* fire.pdf */; };
		FA314E6D2087E528009B28D2 /* saturn.pdf in Resources */ = {isa = PBXBuildFile; fileRef = FA314E622087E527009B28D2 /* saturn.pdf */; };
		FA314E6E2087E528009B28D2 /* spaceman.pdf in Resources */ = {isa = PBXBuildFile; fileRef = FA314E632087E527009B28D2 /* spaceman.pdf */; };
		FA314E6F2087E528009B28D2 /* sun.pdf in Resources */ = {isa = PBXBuildFile; fileRef = FA314E642087E527009B28D2 /* sun.pdf */; };
		FA314E702087E528009B28D2 /* stars.pdf in Resources */ = {isa = PBXBuildFile; fileRef = FA314E652087E527009B28D2 /* stars.pdf */; };
		FA314E712087E528009B28D2 /* heart.pdf in Resources */ = {isa = PBXBuildFile; fileRef = FA314E662087E527009B28D2 /* heart.pdf */; };
		FA314E722087E528009B28D2 /* ufo.pdf in Resources */ = {isa = PBXBuildFile; fileRef = FA314E672087E527009B28D2 /* ufo.pdf */; };
		FA314E732087E528009B28D2 /* comet.pdf in Resources */ = {isa = PBXBuildFile; fileRef = FA314E682087E528009B28D2 /* comet.pdf */; };
		FA314E742087E528009B28D2 /* jupyter.pdf in Resources */ = {isa = PBXBuildFile; fileRef = FA314E692087E528009B28D2 /* jupyter.pdf */; };
		FA314E752087E528009B28D2 /* rocket.pdf in Resources */ = {isa = PBXBuildFile; fileRef = FA314E6A2087E528009B28D2 /* rocket.pdf */; };
		FA314E762087E528009B28D2 /* moon.pdf in Resources */ = {isa = PBXBuildFile; fileRef = FA314E6B2087E528009B28D2 /* moon.pdf */; };
		FA37450B208E8EE500D3C921 /* sunny.pdf in Resources */ = {isa = PBXBuildFile; fileRef = FA37450A208E8EE500D3C921 /* sunny.pdf */; };
		FA644BA9208BAB73001761F8 /* clouds2.pdf in Resources */ = {isa = PBXBuildFile; fileRef = FA644BA6208BAB6A001761F8 /* clouds2.pdf */; };
		FA644BAA208BAB73001761F8 /* clouds1.pdf in Resources */ = {isa = PBXBuildFile; fileRef = FA644BA7208BAB6C001761F8 /* clouds1.pdf */; };
		FA644BAB208BAB73001761F8 /* clouds3.pdf in Resources */ = {isa = PBXBuildFile; fileRef = FA644BA8208BAB6E001761F8 /* clouds3.pdf */; };
		FA6CF500205C42A200AFEEF0 /* PDFImageView.m in Sources */ = {isa = PBXBuildFile; fileRef = FA6CF4FF205C42A200AFEEF0 /* PDFImageView.m */; };
		FA7D7BBF204762A2002212DB /* AssetSample.m in Sources */ = {isa = PBXBuildFile; fileRef = FA7D7BBD204762A0002212DB /* AssetSample.m */; };
		FAD984092076BD2B0011B538 /* ScrollAnimation.m in Sources */ = {isa = PBXBuildFile; fileRef = FAD984082076BD2B0011B538 /* ScrollAnimation.m */; };
/* End PBXBuildFile section */

/* Begin PBXFileReference section */
		FA1536E9204E0D1300E7A343 /* CocoaTweener.h */ = {isa = PBXFileReference; fileEncoding = 4; lastKnownFileType = sourcecode.c.h; path = CocoaTweener.h; sourceTree = "<group>"; };
		FA1536EA204E0D1300E7A343 /* Tween.h */ = {isa = PBXFileReference; fileEncoding = 4; lastKnownFileType = sourcecode.c.h; path = Tween.h; sourceTree = "<group>"; };
		FA1536EC204E0D1300E7A343 /* Ease.h */ = {isa = PBXFileReference; fileEncoding = 4; lastKnownFileType = sourcecode.c.h; path = Ease.h; sourceTree = "<group>"; };
		FA1536ED204E0D1400E7A343 /* KVCUtils.h */ = {isa = PBXFileReference; fileEncoding = 4; lastKnownFileType = sourcecode.c.h; path = KVCUtils.h; sourceTree = "<group>"; };
		FA1536EE204E0D1400E7A343 /* Equations.h */ = {isa = PBXFileReference; fileEncoding = 4; lastKnownFileType = sourcecode.c.h; path = Equations.h; sourceTree = "<group>"; };
		FA1536EF204E0D1400E7A343 /* TimelineInspector.m */ = {isa = PBXFileReference; fileEncoding = 4; lastKnownFileType = sourcecode.c.objc; path = TimelineInspector.m; sourceTree = "<group>"; };
		FA1536F0204E0D1400E7A343 /* TweenValues.h */ = {isa = PBXFileReference; fileEncoding = 4; lastKnownFileType = sourcecode.c.h; path = TweenValues.h; sourceTree = "<group>"; };
		FA1536F1204E0D1400E7A343 /* Equations.m */ = {isa = PBXFileReference; fileEncoding = 4; lastKnownFileType = sourcecode.c.objc; path = Equations.m; sourceTree = "<group>"; };
		FA1536F2204E0D1400E7A343 /* Tween.m */ = {isa = PBXFileReference; fileEncoding = 4; lastKnownFileType = sourcecode.c.objc; path = Tween.m; sourceTree = "<group>"; };
		FA1536F4204E0D1500E7A343 /* TweenControl.h */ = {isa = PBXFileReference; fileEncoding = 4; lastKnownFileType = sourcecode.c.h; path = TweenControl.h; sourceTree = "<group>"; };
		FA1536F5204E0D1500E7A343 /* TimelineInspector.h */ = {isa = PBXFileReference; fileEncoding = 4; lastKnownFileType = sourcecode.c.h; path = TimelineInspector.h; sourceTree = "<group>"; };
		FA1536F6204E0D1500E7A343 /* Timeline.m */ = {isa = PBXFileReference; fileEncoding = 4; lastKnownFileType = sourcecode.c.objc; path = Timeline.m; sourceTree = "<group>"; };
		FA1536F7204E0D1500E7A343 /* TweenValues.m */ = {isa = PBXFileReference; fileEncoding = 4; lastKnownFileType = sourcecode.c.objc; path = TweenValues.m; sourceTree = "<group>"; };
		FA1536F8204E0D1500E7A343 /* TweenControl.m */ = {isa = PBXFileReference; fileEncoding = 4; lastKnownFileType = sourcecode.c.objc; path = TweenControl.m; sourceTree = "<group>"; };
		FA1536F9204E0D1500E7A343 /* Timeline.h */ = {isa = PBXFileReference; fileEncoding = 4; lastKnownFileType = sourcecode.c.h; path = Timeline.h; sourceTree = "<group>"; };
		FA1536FA204E0D1600E7A343 /* KVCUtils.m */ = {isa = PBXFileReference; fileEncoding = 4; lastKnownFileType = sourcecode.c.objc; path = KVCUtils.m; sourceTree = "<group>"; };
		FA1536FB204E0D1600E7A343 /* CocoaTweener.m */ = {isa = PBXFileReference; fileEncoding = 4; lastKnownFileType = sourcecode.c.objc; path = CocoaTweener.m; sourceTree = "<group>"; };
		FA1537062057351900E7A343 /* TouchPoint.h */ = {isa = PBXFileReference; lastKnownFileType = sourcecode.c.h; path = TouchPoint.h; sourceTree = "<group>"; };
		FA1537072057351900E7A343 /* TouchPoint.m */ = {isa = PBXFileReference; lastKnownFileType = sourcecode.c.objc; path = TouchPoint.m; sourceTree = "<group>"; };
		FA1537092057402400E7A343 /* TimelineBasic.h */ = {isa = PBXFileReference; lastKnownFileType = sourcecode.c.h; path = TimelineBasic.h; sourceTree = "<group>"; };
		FA15370A2057402400E7A343 /* TimelineBasic.m */ = {isa = PBXFileReference; lastKnownFileType = sourcecode.c.objc; path = TimelineBasic.m; sourceTree = "<group>"; };
		FA15370C205822F800E7A343 /* AnimateText.h */ = {isa = PBXFileReference; lastKnownFileType = sourcecode.c.h; path = AnimateText.h; sourceTree = "<group>"; };
		FA15370D205822F800E7A343 /* AnimateText.m */ = {isa = PBXFileReference; lastKnownFileType = sourcecode.c.objc; path = AnimateText.m; sourceTree = "<group>"; };
		FA15370F2058295300E7A343 /* PauseTweens.h */ = {isa = PBXFileReference; lastKnownFileType = sourcecode.c.h; path = PauseTweens.h; sourceTree = "<group>"; };
		FA1537102058295300E7A343 /* PauseTweens.m */ = {isa = PBXFileReference; lastKnownFileType = sourcecode.c.objc; path = PauseTweens.m; sourceTree = "<group>"; };
		FA15371220588BEF00E7A343 /* WindBlow.h */ = {isa = PBXFileReference; lastKnownFileType = sourcecode.c.h; path = WindBlow.h; sourceTree = "<group>"; };
		FA15371320588BEF00E7A343 /* WindBlow.m */ = {isa = PBXFileReference; lastKnownFileType = sourcecode.c.objc; path = WindBlow.m; sourceTree = "<group>"; };
		FA15371620597D9300E7A343 /* dart.pdf */ = {isa = PBXFileReference; lastKnownFileType = image.pdf; path = dart.pdf; sourceTree = "<group>"; };
		FA1537192059831300E7A343 /* PDFImageRender.h */ = {isa = PBXFileReference; fileEncoding = 4; lastKnownFileType = sourcecode.c.h; path = PDFImageRender.h; sourceTree = "<group>"; };
		FA15371A2059831300E7A343 /* PDFImageRender.m */ = {isa = PBXFileReference; fileEncoding = 4; lastKnownFileType = sourcecode.c.objc; path = PDFImageRender.m; sourceTree = "<group>"; };
		FA15371C20598B7600E7A343 /* Math.h */ = {isa = PBXFileReference; lastKnownFileType = sourcecode.c.h; path = Math.h; sourceTree = "<group>"; };
		FA21BB7920473ADC00A403FA /* CocoaTweener.app */ = {isa = PBXFileReference; explicitFileType = wrapper.application; includeInIndex = 0; path = CocoaTweener.app; sourceTree = BUILT_PRODUCTS_DIR; };
		FA21BB7C20473ADC00A403FA /* AppDelegate.h */ = {isa = PBXFileReference; lastKnownFileType = sourcecode.c.h; path = AppDelegate.h; sourceTree = "<group>"; };
		FA21BB7D20473ADD00A403FA /* AppDelegate.m */ = {isa = PBXFileReference; lastKnownFileType = sourcecode.c.objc; path = AppDelegate.m; sourceTree = "<group>"; };
		FA21BB8520473ADD00A403FA /* Assets.xcassets */ = {isa = PBXFileReference; lastKnownFileType = folder.assetcatalog; path = Assets.xcassets; sourceTree = "<group>"; };
		FA21BB8A20473ADD00A403FA /* Info.plist */ = {isa = PBXFileReference; lastKnownFileType = text.plist.xml; path = Info.plist; sourceTree = "<group>"; };
		FA21BB8B20473ADD00A403FA /* main.m */ = {isa = PBXFileReference; lastKnownFileType = sourcecode.c.objc; path = main.m; sourceTree = "<group>"; };
		FA21BB9220473B9600A403FA /* ViewController.h */ = {isa = PBXFileReference; lastKnownFileType = sourcecode.c.h; path = ViewController.h; sourceTree = "<group>"; };
		FA21BB9320473B9600A403FA /* ViewController.m */ = {isa = PBXFileReference; lastKnownFileType = sourcecode.c.objc; path = ViewController.m; sourceTree = "<group>"; };
		FA314E612087E527009B28D2 /* fire.pdf */ = {isa = PBXFileReference; lastKnownFileType = image.pdf; path = fire.pdf; sourceTree = "<group>"; };
		FA314E622087E527009B28D2 /* saturn.pdf */ = {isa = PBXFileReference; lastKnownFileType = image.pdf; path = saturn.pdf; sourceTree = "<group>"; };
		FA314E632087E527009B28D2 /* spaceman.pdf */ = {isa = PBXFileReference; lastKnownFileType = image.pdf; path = spaceman.pdf; sourceTree = "<group>"; };
		FA314E642087E527009B28D2 /* sun.pdf */ = {isa = PBXFileReference; lastKnownFileType = image.pdf; path = sun.pdf; sourceTree = "<group>"; };
		FA314E652087E527009B28D2 /* stars.pdf */ = {isa = PBXFileReference; lastKnownFileType = image.pdf; path = stars.pdf; sourceTree = "<group>"; };
		FA314E662087E527009B28D2 /* heart.pdf */ = {isa = PBXFileReference; lastKnownFileType = image.pdf; path = heart.pdf; sourceTree = "<group>"; };
		FA314E672087E527009B28D2 /* ufo.pdf */ = {isa = PBXFileReference; lastKnownFileType = image.pdf; path = ufo.pdf; sourceTree = "<group>"; };
		FA314E682087E528009B28D2 /* comet.pdf */ = {isa = PBXFileReference; lastKnownFileType = image.pdf; path = comet.pdf; sourceTree = "<group>"; };
		FA314E692087E528009B28D2 /* jupyter.pdf */ = {isa = PBXFileReference; lastKnownFileType = image.pdf; path = jupyter.pdf; sourceTree = "<group>"; };
		FA314E6A2087E528009B28D2 /* rocket.pdf */ = {isa = PBXFileReference; lastKnownFileType = image.pdf; path = rocket.pdf; sourceTree = "<group>"; };
		FA314E6B2087E528009B28D2 /* moon.pdf */ = {isa = PBXFileReference; lastKnownFileType = image.pdf; path = moon.pdf; sourceTree = "<group>"; };
		FA37450A208E8EE500D3C921 /* sunny.pdf */ = {isa = PBXFileReference; lastKnownFileType = image.pdf; path = sunny.pdf; sourceTree = "<group>"; };
		FA644BA6208BAB6A001761F8 /* clouds2.pdf */ = {isa = PBXFileReference; lastKnownFileType = image.pdf; path = clouds2.pdf; sourceTree = "<group>"; };
		FA644BA7208BAB6C001761F8 /* clouds1.pdf */ = {isa = PBXFileReference; lastKnownFileType = image.pdf; path = clouds1.pdf; sourceTree = "<group>"; };
		FA644BA8208BAB6E001761F8 /* clouds3.pdf */ = {isa = PBXFileReference; lastKnownFileType = image.pdf; path = clouds3.pdf; sourceTree = "<group>"; };
		FA6CF4FE205C42A200AFEEF0 /* PDFImageView.h */ = {isa = PBXFileReference; lastKnownFileType = sourcecode.c.h; path = PDFImageView.h; sourceTree = "<group>"; };
		FA6CF4FF205C42A200AFEEF0 /* PDFImageView.m */ = {isa = PBXFileReference; lastKnownFileType = sourcecode.c.objc; path = PDFImageView.m; sourceTree = "<group>"; };
		FA7D7BBD204762A0002212DB /* AssetSample.m */ = {isa = PBXFileReference; fileEncoding = 4; lastKnownFileType = sourcecode.c.objc; path = AssetSample.m; sourceTree = "<group>"; };
		FA7D7BBE204762A1002212DB /* AssetSample.h */ = {isa = PBXFileReference; fileEncoding = 4; lastKnownFileType = sourcecode.c.h; path = AssetSample.h; sourceTree = "<group>"; };
		FAD984072076BD2B0011B538 /* ScrollAnimation.h */ = {isa = PBXFileReference; lastKnownFileType = sourcecode.c.h; path = ScrollAnimation.h; sourceTree = "<group>"; };
		FAD984082076BD2B0011B538 /* ScrollAnimation.m */ = {isa = PBXFileReference; lastKnownFileType = sourcecode.c.objc; path = ScrollAnimation.m; sourceTree = "<group>"; };
/* End PBXFileReference section */

/* Begin PBXFrameworksBuildPhase section */
		FA21BB7620473ADC00A403FA /* Frameworks */ = {
			isa = PBXFrameworksBuildPhase;
			buildActionMask = 2147483647;
			files = (
			);
			runOnlyForDeploymentPostprocessing = 0;
		};
/* End PBXFrameworksBuildPhase section */

/* Begin PBXGroup section */
		FA1537052057350100E7A343 /* Samples */ = {
			isa = PBXGroup;
			children = (
				FA1537062057351900E7A343 /* TouchPoint.h */,
				FA1537072057351900E7A343 /* TouchPoint.m */,
				FA1537092057402400E7A343 /* TimelineBasic.h */,
				FA15370A2057402400E7A343 /* TimelineBasic.m */,
				FA15370C205822F800E7A343 /* AnimateText.h */,
				FA15370D205822F800E7A343 /* AnimateText.m */,
				FA15370F2058295300E7A343 /* PauseTweens.h */,
				FA1537102058295300E7A343 /* PauseTweens.m */,
				FA15371220588BEF00E7A343 /* WindBlow.h */,
				FA15371320588BEF00E7A343 /* WindBlow.m */,
				FAD984072076BD2B0011B538 /* ScrollAnimation.h */,
				FAD984082076BD2B0011B538 /* ScrollAnimation.m */,
			);
			path = Samples;
			sourceTree = "<group>";
		};
		FA15371520597D9300E7A343 /* resources */ = {
			isa = PBXGroup;
			children = (
				FA37450A208E8EE500D3C921 /* sunny.pdf */,
				FA644BA7208BAB6C001761F8 /* clouds1.pdf */,
				FA644BA6208BAB6A001761F8 /* clouds2.pdf */,
				FA644BA8208BAB6E001761F8 /* clouds3.pdf */,
				FA314E682087E528009B28D2 /* comet.pdf */,
				FA314E612087E527009B28D2 /* fire.pdf */,
				FA314E662087E527009B28D2 /* heart.pdf */,
				FA314E692087E528009B28D2 /* jupyter.pdf */,
				FA314E6B2087E528009B28D2 /* moon.pdf */,
				FA314E6A2087E528009B28D2 /* rocket.pdf */,
				FA314E622087E527009B28D2 /* saturn.pdf */,
				FA314E632087E527009B28D2 /* spaceman.pdf */,
				FA314E652087E527009B28D2 /* stars.pdf */,
				FA314E642087E527009B28D2 /* sun.pdf */,
				FA314E672087E527009B28D2 /* ufo.pdf */,
				FA15371620597D9300E7A343 /* dart.pdf */,
			);
			path = resources;
			sourceTree = "<group>";
		};
		FA1537182059831300E7A343 /* utils */ = {
			isa = PBXGroup;
			children = (
				FA15371C20598B7600E7A343 /* Math.h */,
				FA1537192059831300E7A343 /* PDFImageRender.h */,
				FA15371A2059831300E7A343 /* PDFImageRender.m */,
				FA6CF4FE205C42A200AFEEF0 /* PDFImageView.h */,
				FA6CF4FF205C42A200AFEEF0 /* PDFImageView.m */,
			);
			path = utils;
			sourceTree = "<group>";
		};
		FA21BB7020473ADC00A403FA = {
			isa = PBXGroup;
			children = (
				FA21BB7B20473ADC00A403FA /* CocoaTweener */,
				FA1537052057350100E7A343 /* Samples */,
				FA1537182059831300E7A343 /* utils */,
				FA15371520597D9300E7A343 /* resources */,
				FA21BB7A20473ADC00A403FA /* Products */,
			);
			sourceTree = "<group>";
		};
		FA21BB7A20473ADC00A403FA /* Products */ = {
			isa = PBXGroup;
			children = (
				FA21BB7920473ADC00A403FA /* CocoaTweener.app */,
			);
			name = Products;
			sourceTree = "<group>";
		};
		FA21BB7B20473ADC00A403FA /* CocoaTweener */ = {
			isa = PBXGroup;
			children = (
				FA7D7BAD204742EF002212DB /* src */,
				FA21BB7C20473ADC00A403FA /* AppDelegate.h */,
				FA21BB7D20473ADD00A403FA /* AppDelegate.m */,
				FA21BB9220473B9600A403FA /* ViewController.h */,
				FA21BB9320473B9600A403FA /* ViewController.m */,
				FA7D7BBE204762A1002212DB /* AssetSample.h */,
				FA7D7BBD204762A0002212DB /* AssetSample.m */,
				FA21BB8520473ADD00A403FA /* Assets.xcassets */,
				FA21BB8A20473ADD00A403FA /* Info.plist */,
				FA21BB8B20473ADD00A403FA /* main.m */,
			);
			path = CocoaTweener;
			sourceTree = "<group>";
		};
		FA7D7BAD204742EF002212DB /* src */ = {
			isa = PBXGroup;
			children = (
				FA1536E9204E0D1300E7A343 /* CocoaTweener.h */,
				FA1536FB204E0D1600E7A343 /* CocoaTweener.m */,
				FA1536EA204E0D1300E7A343 /* Tween.h */,
				FA1536F2204E0D1400E7A343 /* Tween.m */,
				FA1536F9204E0D1500E7A343 /* Timeline.h */,
				FA1536F6204E0D1500E7A343 /* Timeline.m */,
				FA1536F4204E0D1500E7A343 /* TweenControl.h */,
				FA1536F8204E0D1500E7A343 /* TweenControl.m */,
				FA1536F0204E0D1400E7A343 /* TweenValues.h */,
				FA1536F7204E0D1500E7A343 /* TweenValues.m */,
				FA1536EC204E0D1300E7A343 /* Ease.h */,
				FA1536EE204E0D1400E7A343 /* Equations.h */,
				FA1536F1204E0D1400E7A343 /* Equations.m */,
				FA1536ED204E0D1400E7A343 /* KVCUtils.h */,
				FA1536FA204E0D1600E7A343 /* KVCUtils.m */,
				FA1536F5204E0D1500E7A343 /* TimelineInspector.h */,
				FA1536EF204E0D1400E7A343 /* TimelineInspector.m */,
			);
			path = src;
			sourceTree = "<group>";
		};
/* End PBXGroup section */

/* Begin PBXNativeTarget section */
		FA21BB7820473ADC00A403FA /* CocoaTweener */ = {
			isa = PBXNativeTarget;
			buildConfigurationList = FA21BB8F20473ADD00A403FA /* Build configuration list for PBXNativeTarget "CocoaTweener" */;
			buildPhases = (
				FA21BB7520473ADC00A403FA /* Sources */,
				FA21BB7620473ADC00A403FA /* Frameworks */,
				FA21BB7720473ADC00A403FA /* Resources */,
			);
			buildRules = (
			);
			dependencies = (
			);
			name = CocoaTweener;
			productName = CocoaTweener;
			productReference = FA21BB7920473ADC00A403FA /* CocoaTweener.app */;
			productType = "com.apple.product-type.application";
		};
/* End PBXNativeTarget section */

/* Begin PBXProject section */
		FA21BB7120473ADC00A403FA /* Project object */ = {
			isa = PBXProject;
			attributes = {
				LastUpgradeCheck = 0920;
				ORGANIZATIONNAME = "Alejandro Ramirez Varela";
				TargetAttributes = {
					FA21BB7820473ADC00A403FA = {
						CreatedOnToolsVersion = 9.2;
						ProvisioningStyle = Automatic;
					};
				};
			};
			buildConfigurationList = FA21BB7420473ADC00A403FA /* Build configuration list for PBXProject "CocoaTweener" */;
			compatibilityVersion = "Xcode 8.0";
			developmentRegion = en;
			hasScannedForEncodings = 0;
			knownRegions = (
				en,
				Base,
			);
			mainGroup = FA21BB7020473ADC00A403FA;
			productRefGroup = FA21BB7A20473ADC00A403FA /* Products */;
			projectDirPath = "";
			projectRoot = "";
			targets = (
				FA21BB7820473ADC00A403FA /* CocoaTweener */,
			);
		};
/* End PBXProject section */

/* Begin PBXResourcesBuildPhase section */
		FA21BB7720473ADC00A403FA /* Resources */ = {
			isa = PBXResourcesBuildPhase;
			buildActionMask = 2147483647;
			files = (
				FA644BAB208BAB73001761F8 /* clouds3.pdf in Resources */,
				FA314E6E2087E528009B28D2 /* spaceman.pdf in Resources */,
				FA37450B208E8EE500D3C921 /* sunny.pdf in Resources */,
				FA314E712087E528009B28D2 /* heart.pdf in Resources */,
				FA644BAA208BAB73001761F8 /* clouds1.pdf in Resources */,
				FA314E6F2087E528009B28D2 /* sun.pdf in Resources */,
				FA21BB8620473ADD00A403FA /* Assets.xcassets in Resources */,
				FA314E6C2087E528009B28D2 /* fire.pdf in Resources */,
				FA314E742087E528009B28D2 /* jupyter.pdf in Resources */,
				FA15371720597D9300E7A343 /* dart.pdf in Resources */,
				FA314E702087E528009B28D2 /* stars.pdf in Resources */,
				FA314E6D2087E528009B28D2 /* saturn.pdf in Resources */,
				FA644BA9208BAB73001761F8 /* clouds2.pdf in Resources */,
				FA314E732087E528009B28D2 /* comet.pdf in Resources */,
				FA314E722087E528009B28D2 /* ufo.pdf in Resources */,
				FA314E752087E528009B28D2 /* rocket.pdf in Resources */,
				FA314E762087E528009B28D2 /* moon.pdf in Resources */,
			);
			runOnlyForDeploymentPostprocessing = 0;
		};
/* End PBXResourcesBuildPhase section */

/* Begin PBXSourcesBuildPhase section */
		FA21BB7520473ADC00A403FA /* Sources */ = {
			isa = PBXSourcesBuildPhase;
			buildActionMask = 2147483647;
			files = (
				FA21BB9420473B9600A403FA /* ViewController.m in Sources */,
				FA1536FE204E0D1600E7A343 /* Tween.m in Sources */,
				FA1537112058295300E7A343 /* PauseTweens.m in Sources */,
				FA153703204E0D1600E7A343 /* KVCUtils.m in Sources */,
				FA1536FD204E0D1600E7A343 /* Equations.m in Sources */,
				FA153700204E0D1600E7A343 /* Timeline.m in Sources */,
				FA21BB8C20473ADD00A403FA /* main.m in Sources */,
				FA7D7BBF204762A2002212DB /* AssetSample.m in Sources */,
				FA6CF500205C42A200AFEEF0 /* PDFImageView.m in Sources */,
				FA15371B2059831300E7A343 /* PDFImageRender.m in Sources */,
				FA153701204E0D1600E7A343 /* TweenValues.m in Sources */,
				FAD984092076BD2B0011B538 /* ScrollAnimation.m in Sources */,
				FA153702204E0D1600E7A343 /* TweenControl.m in Sources */,
				FA1537082057351900E7A343 /* TouchPoint.m in Sources */,
				FA1536FC204E0D1600E7A343 /* TimelineInspector.m in Sources */,
				FA15370E205822F800E7A343 /* AnimateText.m in Sources */,
				FA153704204E0D1600E7A343 /* CocoaTweener.m in Sources */,
				FA15371420588BEF00E7A343 /* WindBlow.m in Sources */,
				FA15370B2057402400E7A343 /* TimelineBasic.m in Sources */,
				FA21BB7E20473ADD00A403FA /* AppDelegate.m in Sources */,
			);
			runOnlyForDeploymentPostprocessing = 0;
		};
/* End PBXSourcesBuildPhase section */

/* Begin XCBuildConfiguration section */
		FA21BB8D20473ADD00A403FA /* Debug */ = {
			isa = XCBuildConfiguration;
			buildSettings = {
				ALWAYS_SEARCH_USER_PATHS = NO;
				CLANG_ANALYZER_NONNULL = YES;
				CLANG_ANALYZER_NUMBER_OBJECT_CONVERSION = YES_AGGRESSIVE;
				CLANG_CXX_LANGUAGE_STANDARD = "gnu++14";
				CLANG_CXX_LIBRARY = "libc++";
				CLANG_ENABLE_MODULES = YES;
				CLANG_ENABLE_OBJC_ARC = YES;
				CLANG_WARN_BLOCK_CAPTURE_AUTORELEASING = YES;
				CLANG_WARN_BOOL_CONVERSION = YES;
				CLANG_WARN_COMMA = YES;
				CLANG_WARN_CONSTANT_CONVERSION = YES;
				CLANG_WARN_DIRECT_OBJC_ISA_USAGE = YES_ERROR;
				CLANG_WARN_DOCUMENTATION_COMMENTS = YES;
				CLANG_WARN_EMPTY_BODY = YES;
				CLANG_WARN_ENUM_CONVERSION = YES;
				CLANG_WARN_INFINITE_RECURSION = YES;
				CLANG_WARN_INT_CONVERSION = YES;
				CLANG_WARN_NON_LITERAL_NULL_CONVERSION = YES;
				CLANG_WARN_OBJC_LITERAL_CONVERSION = YES;
				CLANG_WARN_OBJC_ROOT_CLASS = YES_ERROR;
				CLANG_WARN_RANGE_LOOP_ANALYSIS = YES;
				CLANG_WARN_STRICT_PROTOTYPES = YES;
				CLANG_WARN_SUSPICIOUS_MOVE = YES;
				CLANG_WARN_UNGUARDED_AVAILABILITY = YES_AGGRESSIVE;
				CLANG_WARN_UNREACHABLE_CODE = YES;
				CLANG_WARN__DUPLICATE_METHOD_MATCH = YES;
				CODE_SIGN_IDENTITY = "iPhone Developer";
				COPY_PHASE_STRIP = NO;
				DEBUG_INFORMATION_FORMAT = dwarf;
				ENABLE_STRICT_OBJC_MSGSEND = YES;
				ENABLE_TESTABILITY = YES;
				GCC_C_LANGUAGE_STANDARD = gnu11;
				GCC_DYNAMIC_NO_PIC = NO;
				GCC_NO_COMMON_BLOCKS = YES;
				GCC_OPTIMIZATION_LEVEL = 0;
				GCC_PREPROCESSOR_DEFINITIONS = (
					"DEBUG=1",
					"$(inherited)",
				);
				GCC_WARN_64_TO_32_BIT_CONVERSION = YES;
				GCC_WARN_ABOUT_RETURN_TYPE = YES_ERROR;
				GCC_WARN_UNDECLARED_SELECTOR = YES;
				GCC_WARN_UNINITIALIZED_AUTOS = YES_AGGRESSIVE;
				GCC_WARN_UNUSED_FUNCTION = YES;
				GCC_WARN_UNUSED_VARIABLE = YES;
				IPHONEOS_DEPLOYMENT_TARGET = 9.3;
				MTL_ENABLE_DEBUG_INFO = YES;
				ONLY_ACTIVE_ARCH = YES;
				SDKROOT = iphoneos;
			};
			name = Debug;
		};
		FA21BB8E20473ADD00A403FA /* Release */ = {
			isa = XCBuildConfiguration;
			buildSettings = {
				ALWAYS_SEARCH_USER_PATHS = NO;
				CLANG_ANALYZER_NONNULL = YES;
				CLANG_ANALYZER_NUMBER_OBJECT_CONVERSION = YES_AGGRESSIVE;
				CLANG_CXX_LANGUAGE_STANDARD = "gnu++14";
				CLANG_CXX_LIBRARY = "libc++";
				CLANG_ENABLE_MODULES = YES;
				CLANG_ENABLE_OBJC_ARC = YES;
				CLANG_WARN_BLOCK_CAPTURE_AUTORELEASING = YES;
				CLANG_WARN_BOOL_CONVERSION = YES;
				CLANG_WARN_COMMA = YES;
				CLANG_WARN_CONSTANT_CONVERSION = YES;
				CLANG_WARN_DIRECT_OBJC_ISA_USAGE = YES_ERROR;
				CLANG_WARN_DOCUMENTATION_COMMENTS = YES;
				CLANG_WARN_EMPTY_BODY = YES;
				CLANG_WARN_ENUM_CONVERSION = YES;
				CLANG_WARN_INFINITE_RECURSION = YES;
				CLANG_WARN_INT_CONVERSION = YES;
				CLANG_WARN_NON_LITERAL_NULL_CONVERSION = YES;
				CLANG_WARN_OBJC_LITERAL_CONVERSION = YES;
				CLANG_WARN_OBJC_ROOT_CLASS = YES_ERROR;
				CLANG_WARN_RANGE_LOOP_ANALYSIS = YES;
				CLANG_WARN_STRICT_PROTOTYPES = YES;
				CLANG_WARN_SUSPICIOUS_MOVE = YES;
				CLANG_WARN_UNGUARDED_AVAILABILITY = YES_AGGRESSIVE;
				CLANG_WARN_UNREACHABLE_CODE = YES;
				CLANG_WARN__DUPLICATE_METHOD_MATCH = YES;
				CODE_SIGN_IDENTITY = "iPhone Developer";
				COPY_PHASE_STRIP = NO;
				DEBUG_INFORMATION_FORMAT = "dwarf-with-dsym";
				ENABLE_NS_ASSERTIONS = NO;
				ENABLE_STRICT_OBJC_MSGSEND = YES;
				GCC_C_LANGUAGE_STANDARD = gnu11;
				GCC_NO_COMMON_BLOCKS = YES;
				GCC_WARN_64_TO_32_BIT_CONVERSION = YES;
				GCC_WARN_ABOUT_RETURN_TYPE = YES_ERROR;
				GCC_WARN_UNDECLARED_SELECTOR = YES;
				GCC_WARN_UNINITIALIZED_AUTOS = YES_AGGRESSIVE;
				GCC_WARN_UNUSED_FUNCTION = YES;
				GCC_WARN_UNUSED_VARIABLE = YES;
				IPHONEOS_DEPLOYMENT_TARGET = 9.3;
				MTL_ENABLE_DEBUG_INFO = NO;
				SDKROOT = iphoneos;
				VALIDATE_PRODUCT = YES;
			};
			name = Release;
		};
		FA21BB9020473ADD00A403FA /* Debug */ = {
			isa = XCBuildConfiguration;
			buildSettings = {
				ASSETCATALOG_COMPILER_APPICON_NAME = AppIcon;
				CODE_SIGN_STYLE = Automatic;
				DEVELOPMENT_TEAM = 9WB3M6M662;
				INFOPLIST_FILE = CocoaTweener/Info.plist;
				IPHONEOS_DEPLOYMENT_TARGET = 10.0;
				LD_RUNPATH_SEARCH_PATHS = "$(inherited) @executable_path/Frameworks";
				PRODUCT_BUNDLE_IDENTIFIER = "com.-";
				PRODUCT_NAME = "$(TARGET_NAME)";
				TARGETED_DEVICE_FAMILY = "1,2";
			};
			name = Debug;
		};
		FA21BB9120473ADD00A403FA /* Release */ = {
			isa = XCBuildConfiguration;
			buildSettings = {
				ASSETCATALOG_COMPILER_APPICON_NAME = AppIcon;
				CODE_SIGN_STYLE = Automatic;
				DEVELOPMENT_TEAM = 9WB3M6M662;
				INFOPLIST_FILE = CocoaTweener/Info.plist;
				IPHONEOS_DEPLOYMENT_TARGET = 10.0;
				LD_RUNPATH_SEARCH_PATHS = "$(inherited) @executable_path/Frameworks";
				PRODUCT_BUNDLE_IDENTIFIER = "com.-";
				PRODUCT_NAME = "$(TARGET_NAME)";
				TARGETED_DEVICE_FAMILY = "1,2";
			};
			name = Release;
		};
/* End XCBuildConfiguration section */

/* Begin XCConfigurationList section */
		FA21BB7420473ADC00A403FA /* Build configuration list for PBXProject "CocoaTweener" */ = {
			isa = XCConfigurationList;
			buildConfigurations = (
				FA21BB8D20473ADD00A403FA /* Debug */,
				FA21BB8E20473ADD00A403FA /* Release */,
			);
			defaultConfigurationIsVisible = 0;
			defaultConfigurationName = Release;
		};
		FA21BB8F20473ADD00A403FA /* Build configuration list for PBXNativeTarget "CocoaTweener" */ = {
			isa = XCConfigurationList;
			buildConfigurations = (
				FA21BB9020473ADD00A403FA /* Debug */,
				FA21BB9120473ADD00A403FA /* Release */,
			);
			defaultConfigurationIsVisible = 0;
			defaultConfigurationName = Release;
		};
/* End XCConfigurationList section */
	};
	rootObject = FA21BB7120473ADC00A403FA /* Project object */;
}
